{
    "requires": true,
    "lockfileVersion": 1,
    "dependencies": {
        "@popperjs/core": {
            "version": "2.11.6",
            "resolved": "https://registry.npmjs.org/@popperjs/core/-/core-2.11.6.tgz",
            "integrity": "sha512-50/17A98tWUfQ176raKiOGXuYpLyyVMkxxG6oylzL3BPOlA6ADGdK7EYunSa4I064xerltq9TGXs8HmOk5E+vw==",
            "dev": true
        },
        "bootstrap": {
            "version": "5.2.1",
            "resolved": "https://registry.npmjs.org/bootstrap/-/bootstrap-5.2.1.tgz",
            "integrity": "sha512-UQi3v2NpVPEi1n35dmRRzBJFlgvWHYwyem6yHhuT6afYF+sziEt46McRbT//kVXZ7b1YUYEVGdXEH74Nx3xzGA==",
            "dev": true
        },
        "bootstrap-icons": {
            "version": "1.9.1",
            "resolved": "https://registry.npmjs.org/bootstrap-icons/-/bootstrap-icons-1.9.1.tgz",
            "integrity": "sha512-d4ZkO30MIkAhQ2nNRJqKXJVEQorALGbLWTuRxyCTJF96lRIV6imcgMehWGJUiJMJhglN0o2tqLIeDnMdiQEE9g==",
            "dev": true
        },
        "classnames": {
            "version": "2.3.2",
            "resolved": "https://registry.npmjs.org/classnames/-/classnames-2.3.2.tgz",
            "integrity": "sha512-CSbhY4cFEJRe6/GQzIk5qXZ4Jeg5pcsP7b5peFSDpffpe1cqjASH/n9UTjBwOp6XpMSTwQ8Za2K5V02ueA7Tmw=="
        },
        "core-js": {
            "version": "3.25.1",
            "resolved": "https://registry.npmjs.org/core-js/-/core-js-3.25.1.tgz",
            "integrity": "sha512-sr0FY4lnO1hkQ4gLDr24K0DGnweGO1QwSj5BpfQjpSJPdqWalja4cTps29Y/PJVG/P7FYlPDkH3hO+Tr0CvDgQ=="
        },
        "feather-icons": {
            "version": "4.29.0",
            "resolved": "https://registry.npmjs.org/feather-icons/-/feather-icons-4.29.0.tgz",
            "integrity": "sha512-Y7VqN9FYb8KdaSF0qD1081HCkm0v4Eq/fpfQYQnubpqi0hXx14k+gF9iqtRys1SIcTEi97xDi/fmsPFZ8xo0GQ==",
            "requires": {
                "classnames": "^2.2.5",
                "core-js": "^3.1.3"
            }
        }
    }
}
